
Microsoft Visual Studio Solution File, Format Version 12.00
# Visual Studio Version 17
VisualStudioVersion = 17.9.34902.65
MinimumVisualStudioVersion = 10.0.40219.1
Project("{FAE04EC0-301F-11D3-BF4B-00C04F79EFBC}") = "Device Observer", "Device Observer\Device Observer.csproj", "{E355C7CD-F6C5-4DD0-BA62-0906BD2FE6A1}"
EndProject
Global
	GlobalSection(SolutionConfigurationPlatforms) = preSolution
		Debug|Any CPU = Debug|Any CPU
		Release|Any CPU = Release|Any CPU
	EndGlobalSection
	GlobalSection(ProjectConfigurationPlatforms) = postSolution
		{E355C7CD-F6C5-4DD0-BA62-0906BD2FE6A1}.Debug|Any CPU.ActiveCfg = Debug|Any CPU
		{E355C7CD-F6C5-4DD0-BA62-0906BD2FE6A1}.Debug|Any CPU.Build.0 = Debug|Any CPU
		{E355C7CD-F6C5-4DD0-BA62-0906BD2FE6A1}.Release|Any CPU.ActiveCfg = Release|Any CPU
		{E355C7CD-F6C5-4DD0-BA62-0906BD2FE6A1}.Release|Any CPU.Build.0 = Release|Any CPU
	EndGlobalSection
	GlobalSection(SolutionProperties) = preSolution
		HideSolutionNode = FALSE
	EndGlobalSection
	GlobalSection(ExtensibilityGlobals) = postSolution
		SolutionGuid = {2EC90A47-8CF1-4EB7-920B-CC39DD88BD5B}
	EndGlobalSection
EndGlobal
